{
  "name": "admin",
  "version": "0.0.1",
  "lockfileVersion": 3,
  "requires": true,
  "packages": {
    "": {
      "name": "admin",
      "version": "0.0.1",
      "dependencies": {
        "@astrojs/vercel": "^11.0.5",
        "@supabase/supabase-js": "^2.112.3",
        "astro": "^7.2.2"
      },
      "devDependencies": {
        "@tailwindcss/vite": "^4.3.3",
        "daisyui": "^5.7.16",
        "kill-port": "^2.0.1",
        "tailwindcss": "^4.3.3"
      },
      "engines": {
        "node": ">=22.12.0"
      }
    },
    "../node_modules/.pnpm/@astrojs+vercel@11.0.5_astro@7.2.2_@emnapi+core@1.11.1_@emnapi+runtime@1.11.3_@vercel+f_9e123f6a633cbf5d8b5f829de2e4a75e/node_modules/@astrojs/vercel": {
      "version": "11.0.5",
      "license": "MIT",
      "dependencies": {
        "@astrojs/internal-helpers": "0.10.2",
        "@vercel/analytics": "^1.6.1",
        "@vercel/functions": "^3.4.3",
        "@vercel/nft": "^1.3.2",
        "@vercel/routing-utils": "^5.3.3",
        "esbuild": "^0.28.0",
        "tinyglobby": "^0.2.15"
      },
      "devDependencies": {
        "astro": "7.2.0",
        "astro-scripts": "0.0.14",
        "cheerio": "1.2.0",
        "vite": "^8.0.13"
      },
      "peerDependencies": {
        "astro": "^7.0.0"
      }
    },
    "../node_modules/.pnpm/@supabase+supabase-js@2.112.3/node_modules/@supabase/supabase-js": {
      "version": "2.112.3",
      "license": "MIT",
      "dependencies": {
        "@supabase/auth-js": "2.112.3",
        "@supabase/functions-js": "2.112.3",
        "@supabase/postgrest-js": "2.112.3",
        "@supabase/realtime-js": "2.112.3",
        "@supabase/storage-js": "2.112.3"
      },
      "devDependencies": {
        "@arethetypeswrong/cli": "^0.18.2",
        "@jest/globals": "^30.0.0",
        "@jest/types": "^30.0.0",
        "@opentelemetry/api": "^1.9.0",
        "@opentelemetry/context-async-hooks": "^2.8.0",
        "@opentelemetry/core": "^2.8.0",
        "@opentelemetry/sdk-trace-node": "^2.8.0",
        "@supabase/tracing": "0.0.0-automated",
        "@types/jest": "30.0.0",
        "@types/jsonwebtoken": "^8.5.8",
        "@types/node": "20.19.9",
        "jest": "30.4.2",
        "jsonwebtoken": "^9.0.0",
        "jsr": "^0.13.5",
        "puppeteer": "^24.9.0",
        "ts-jest": "^29.4.9",
        "tsd": "^0.33.0",
        "tsdown": "^0.18.0",
        "typedoc": "^0.27.9",
        "typescript": "~5.8.3"
      },
      "engines": {
        "node": ">=22.0.0"
      },
      "peerDependencies": {
        "@opentelemetry/api": ">=1.0.0"
      },
      "peerDependenciesMeta": {
        "@opentelemetry/api": {
          "optional": true
        }
      }
    },
    "../node_modules/.pnpm/@tailwindcss+vite@4.3.3_vite@8.2.1_esbuild@0.28.2_jiti@2.7.0_/node_modules/@tailwindcss/vite": {
      "version": "4.3.3",
      "dev": true,
      "license": "MIT",
      "dependencies": {
        "@tailwindcss/node": "4.3.3",
        "@tailwindcss/oxide": "4.3.3",
        "tailwindcss": "4.3.3"
      },
      "devDependencies": {
        "@types/node": "22.19.21",
        "vite": "^8.1.2"
      },
      "peerDependencies": {
        "vite": "^5.2.0 || ^6 || ^7 || ^8"
      }
    },
    "../node_modules/.pnpm/astro@7.2.2_@emnapi+core@1.11.1_@emnapi+runtime@1.11.3_@vercel+functions@3.9.3_jiti@2.7.0/node_modules/astro": {
      "version": "7.2.2",
      "license": "MIT",
      "dependencies": {
        "@astrojs/compiler-rs": "^0.3.2",
        "@astrojs/internal-helpers": "0.10.2",
        "@astrojs/markdown-satteri": "0.3.5",
        "@astrojs/telemetry": "3.3.3",
        "@capsizecss/unpack": "^4.0.0",
        "@clack/prompts": "^1.1.0",
        "@oslojs/encoding": "^1.1.0",
        "am-i-vibing": "^0.4.0",
        "aria-query": "^5.3.2",
        "axobject-query": "^4.1.0",
        "ci-info": "^4.4.0",
        "clsx": "^2.1.1",
        "common-ancestor-path": "^2.0.0",
        "cookie": "^2.0.1",
        "devalue": "^5.8.1",
        "diff": "^8.0.3",
        "dset": "^3.1.4",
        "es-module-lexer": "^2.0.0",
        "esbuild": "^0.28.0",
        "find-process": "^2.1.1",
        "flattie": "^1.1.1",
        "fontace": "~0.4.1",
        "get-tsconfig": "5.0.0-beta.4",
        "github-slugger": "^2.0.0",
        "html-escaper": "3.0.3",
        "http-cache-semantics": "^4.2.0",
        "js-yaml": "^4.3.0",
        "jsonc-parser": "^3.3.1",
        "magic-string": "^1.0.0",
        "magicast": "^0.5.2",
        "mrmime": "^2.0.1",
        "neotraverse": "^1.0.1",
        "obug": "^2.1.1",
        "p-limit": "^7.3.0",
        "p-queue": "^9.1.0",
        "package-manager-detector": "^1.6.0",
        "piccolore": "^0.1.3",
        "picomatch": "^4.0.4",
        "semver": "^7.7.4",
        "shiki": "^4.0.2",
        "smol-toml": "^1.6.0",
        "svgo": "^4.0.1",
        "tinyclip": "^0.1.12",
        "tinyexec": "^1.0.4",
        "tinyglobby": "^0.2.15",
        "ultrahtml": "^1.6.0",
        "unifont": "~0.7.4",
        "unstorage": "^1.17.5",
        "vite": "^8.0.13",
        "vitefu": "^1.1.2",
        "xxhash-wasm": "^1.1.0",
        "yargs-parser": "^22.0.0",
        "zod": "^4.3.6"
      },
      "bin": {
        "astro": "bin/astro.mjs"
      },
      "devDependencies": {
        "@astrojs/check": "0.9.10",
        "@astrojs/markdown-remark": "7.2.2",
        "@playwright/test": "1.58.2",
        "@types/aria-query": "^5.0.4",
        "@types/html-escaper": "3.0.4",
        "@types/http-cache-semantics": "^4.2.0",
        "@types/js-yaml": "^4.0.9",
        "@types/parse-srcset": "^1.0.0",
        "@types/picomatch": "^4.0.2",
        "@types/semver": "^7.7.1",
        "@types/yargs-parser": "^21.0.3",
        "astro-scripts": "0.0.14",
        "cheerio": "1.2.0",
        "eol": "^0.10.0",
        "expect-type": "^1.3.0",
        "fs-fixture": "^2.13.0",
        "hono": "^4.12.14",
        "node-mocks-http": "^1.17.2",
        "parse-srcset": "^1.0.2",
        "rehype-autolink-headings": "^7.1.0",
        "rehype-slug": "^6.0.0",
        "rehype-toc": "^3.0.2",
        "remark-code-titles": "^0.1.2",
        "sass": "^1.98.0",
        "typescript": "^6.0.3",
        "undici": "^7.22.0",
        "vitest": "^4.1.0"
      },
      "engines": {
        "node": ">=22.12.0",
        "npm": ">=9.6.5",
        "pnpm": ">=7.1.0"
      },
      "funding": {
        "type": "opencollective",
        "url": "https://opencollective.com/astrodotbuild"
      },
      "optionalDependencies": {
        "sharp": "^0.34.0 || ^0.35.0"
      },
      "peerDependencies": {
        "@astrojs/markdown-remark": "7.2.2"
      },
      "peerDependenciesMeta": {
        "@astrojs/markdown-remark": {
          "optional": true
        }
      }
    },
    "../node_modules/.pnpm/daisyui@5.7.16/node_modules/daisyui": {
      "version": "5.7.16",
      "dev": true,
      "license": "MIT",
      "funding": {
        "url": "https://github.com/saadeghi/daisyui?sponsor=1"
      }
    },
    "../node_modules/.pnpm/kill-port@2.0.1/node_modules/kill-port": {
      "version": "2.0.1",
      "dev": true,
      "license": "MIT",
      "dependencies": {
        "get-them-args": "1.3.2",
        "shell-exec": "1.0.2"
      },
      "bin": {
        "kill-port": "cli.js"
      },
      "devDependencies": {
        "jest": "28.1.0",
        "npm-check": "^5.9.2",
        "standard": "17.0.0"
      }
    },
    "../node_modules/.pnpm/tailwindcss@4.3.3/node_modules/tailwindcss": {
      "version": "4.3.3",
      "dev": true,
      "license": "MIT",
      "devDependencies": {
        "@jridgewell/remapping": "^2.3.5",
        "@tailwindcss/oxide": "^4.3.3",
        "@types/node": "22.19.21",
        "dedent": "1.7.2",
        "lightningcss": "1.32.0",
        "magic-string": "^0.30.21",
        "source-map-js": "^1.2.1"
      }
    },
    "node_modules/@astrojs/vercel": {
      "resolved": "../node_modules/.pnpm/@astrojs+vercel@11.0.5_astro@7.2.2_@emnapi+core@1.11.1_@emnapi+runtime@1.11.3_@vercel+f_9e123f6a633cbf5d8b5f829de2e4a75e/node_modules/@astrojs/vercel",
      "link": true
    },
    "node_modules/@supabase/supabase-js": {
      "resolved": "../node_modules/.pnpm/@supabase+supabase-js@2.112.3/node_modules/@supabase/supabase-js",
      "link": true
    },
    "node_modules/@tailwindcss/vite": {
      "resolved": "../node_modules/.pnpm/@tailwindcss+vite@4.3.3_vite@8.2.1_esbuild@0.28.2_jiti@2.7.0_/node_modules/@tailwindcss/vite",
      "link": true
    },
    "node_modules/astro": {
      "resolved": "../node_modules/.pnpm/astro@7.2.2_@emnapi+core@1.11.1_@emnapi+runtime@1.11.3_@vercel+functions@3.9.3_jiti@2.7.0/node_modules/astro",
      "link": true
    },
    "node_modules/daisyui": {
      "resolved": "../node_modules/.pnpm/daisyui@5.7.16/node_modules/daisyui",
      "link": true
    },
    "node_modules/kill-port": {
      "resolved": "../node_modules/.pnpm/kill-port@2.0.1/node_modules/kill-port",
      "link": true
    },
    "node_modules/tailwindcss": {
      "resolved": "../node_modules/.pnpm/tailwindcss@4.3.3/node_modules/tailwindcss",
      "link": true
    }
  }
}
